// !$*UTF8*$!
{
	archiveVersion = 1;
	classes = {
	};
	objectVersion = 46;
	objects = {

/* Begin PBXBuildFile section */
		417C537A1B308988000E3195 /* AppDelegate.swift in Sources */ = {isa = PBXBuildFile; fileRef = 417C53791B308988000E3195 /* AppDelegate.swift */; };
		417C537C1B308988000E3195 /* ViewController.swift in Sources */ = {isa = PBXBuildFile; fileRef = 417C537B1B308988000E3195 /* ViewController.swift */; };
		417C537F1B308988000E3195 /* Main.storyboard in Resources */ = {isa = PBXBuildFile; fileRef = 417C537D1B308988000E3195 /* Main.storyboard */; };
		417C53811B308988000E3195 /* Images.xcassets in Resources */ = {isa = PBXBuildFile; fileRef = 417C53801B308988000E3195 /* Images.xcassets */; };
		417C53841B308988000E3195 /* LaunchScreen.xib in Resources */ = {isa = PBXBuildFile; fileRef = 417C53821B308988000E3195 /* LaunchScreen.xib */; };
		417C53901B308988000E3195 /* AnimationTestTests.swift in Sources */ = {isa = PBXBuildFile; fileRef = 417C538F1B308988000E3195 /* AnimationTestTests.swift */; };
/* End PBXBuildFile section */

/* Begin PBXContainerItemProxy section */
		417C538A1B308988000E3195 /* PBXContainerItemProxy */ = {
			isa = PBXContainerItemProxy;
			containerPortal = 417C536C1B308988000E3195 /* Project object */;
			proxyType = 1;
			remoteGlobalIDString = 417C53731B308988000E3195;
			remoteInfo = AnimationTest;
		};
/* End PBXContainerItemProxy section */

/* Begin PBXFileReference section */
		417C53741B308988000E3195 /* AnimationTest.app */ = {isa = PBXFileReference; explicitFileType = wrapper.application; includeInIndex = 0; path = AnimationTest.app; sourceTree = BUILT_PRODUCTS_DIR; };
		417C53781B308988000E3195 /* Info.plist */ = {isa = PBXFileReference; lastKnownFileType = text.plist.xml; path = Info.plist; sourceTree = "<group>"; };
		417C53791B308988000E3195 /* AppDelegate.swift */ = {isa = PBXFileReference; lastKnownFileType = sourcecode.swift; path = AppDelegate.swift; sourceTree = "<group>"; };
		417C537B1B308988000E3195 /* ViewController.swift */ = {isa = PBXFileReference; lastKnownFileType = sourcecode.swift; path = ViewController.swift; sourceTree = "<group>"; };
		417C537E1B308988000E3195 /* Base */ = {isa = PBXFileReference; lastKnownFileType = file.storyboard; name = Base; path = Base.lproj/Main.storyboard; sourceTree = "<group>"; };
		417C53801B308988000E3195 /* Images.xcassets */ = {isa = PBXFileReference; lastKnownFileType = folder.assetcatalog; path = Images.xcassets; sourceTree = "<group>"; };
		417C53831B308988000E3195 /* Base */ = {isa = PBXFileReference; lastKnownFileType = file.xib; name = Base; path = Base.lproj/LaunchScreen.xib; sourceTree = "<group>"; };
		417C53891B308988000E3195 /* AnimationTestTests.xctest */ = {isa = PBXFileReference; explicitFileType = wrapper.cfbundle; includeInIndex = 0; path = AnimationTestTests.xctest; sourceTree = BUILT_PRODUCTS_DIR; };
		417C538E1B308988000E3195 /* Info.plist */ = {isa = PBXFileReference; lastKnownFileType = text.plist.xml; path = Info.plist; sourceTree = "<group>"; };
		417C538F1B308988000E3195 /* AnimationTestTests.swift */ = {isa = PBXFileReference; lastKnownFileType = sourcecode.swift; path = AnimationTestTests.swift; sourceTree = "<group>"; };
/* End PBXFileReference section */

/* Begin PBXFrameworksBuildPhase section */
		417C53711B308988000E3195 /* Frameworks */ = {
			isa = PBXFrameworksBuildPhase;
			buildActionMask = 2147483647;
			files = (
			);
			runOnlyForDeploymentPostprocessing = 0;
		};
		417C53861B308988000E3195 /* Frameworks */ = {
			isa = PBXFrameworksBuildPhase;
			buildActionMask = 2147483647;
			files = (
			);
			runOnlyForDeploymentPostprocessing = 0;
		};
/* End PBXFrameworksBuildPhase section */

/* Begin PBXGroup section */
		417C536B1B308988000E3195 = {
			isa = PBXGroup;
			children = (
				417C53761B308988000E3195 /* AnimationTest */,
				417C538C1B308988000E3195 /* AnimationTestTests */,
				417C53751B308988000E3195 /* Products */,
			);
			sourceTree = "<group>";
		};
		417C53751B308988000E3195 /* Products */ = {
			isa = PBXGroup;
			children = (
				417C53741B308988000E3195 /* AnimationTest.app */,
				417C53891B308988000E3195 /* AnimationTestTests.xctest */,
			);
			name = Products;
			sourceTree = "<group>";
		};
		417C53761B308988000E3195 /* AnimationTest */ = {
			isa = PBXGroup;
			children = (
				417C53791B308988000E3195 /* AppDelegate.swift */,
				417C537B1B308988000E3195 /* ViewController.swift */,
				417C537D1B308988000E3195 /* Main.storyboard */,
				417C53801B308988000E3195 /* Images.xcassets */,
				417C53821B308988000E3195 /* LaunchScreen.xib */,
				417C53771B308988000E3195 /* Supporting Files */,
			);
			path = AnimationTest;
			sourceTree = "<group>";
		};
		417C53771B308988000E3195 /* Supporting Files */ = {
			isa = PBXGroup;
			children = (
				417C53781B308988000E3195 /* Info.plist */,
			);
			name = "Supporting Files";
			sourceTree = "<group>";
		};
		417C538C1B308988000E3195 /* AnimationTestTests */ = {
			isa = PBXGroup;
			children = (
				417C538F1B308988000E3195 /* AnimationTestTests.swift */,
				417C538D1B308988000E3195 /* Supporting Files */,
			);
			path = AnimationTestTests;
			sourceTree = "<group>";
		};
		417C538D1B308988000E3195 /* Supporting Files */ = {
			isa = PBXGroup;
			children = (
				417C538E1B308988000E3195 /* Info.plist */,
			);
			name = "Supporting Files";
			sourceTree = "<group>";
		};
/* End PBXGroup section */

/* Begin PBXNativeTarget section */
		417C53731B308988000E3195 /* AnimationTest */ = {
			isa = PBXNativeTarget;
			buildConfigurationList = 417C53931B308988000E3195 /* Build configuration list for PBXNativeTarget "AnimationTest" */;
			buildPhases = (
				417C53701B308988000E3195 /* Sources */,
				417C53711B308988000E3195 /* Frameworks */,
				417C53721B308988000E3195 /* Resources */,
			);
			buildRules = (
			);
			dependencies = (
			);
			name = AnimationTest;
			productName = AnimationTest;
			productReference = 417C53741B308988000E3195 /* AnimationTest.app */;
			productType = "com.apple.product-type.application";
		};
		417C53881B308988000E3195 /* AnimationTestTests */ = {
			isa = PBXNativeTarget;
			buildConfigurationList = 417C53961B308988000E3195 /* Build configuration list for PBXNativeTarget "AnimationTestTests" */;
			buildPhases = (
				417C53851B308988000E3195 /* Sources */,
				417C53861B308988000E3195 /* Frameworks */,
				417C53871B308988000E3195 /* Resources */,
			);
			buildRules = (
			);
			dependencies = (
				417C538B1B308988000E3195 /* PBXTargetDependency */,
			);
			name = AnimationTestTests;
			productName = AnimationTestTests;
			productReference = 417C53891B308988000E3195 /* AnimationTestTests.xctest */;
			productType = "com.apple.product-type.bundle.unit-test";
		};
/* End PBXNativeTarget section */

/* Begin PBXProject section */
		417C536C1B308988000E3195 /* Project object */ = {
			isa = PBXProject;
			attributes = {
				LastUpgradeCheck = 0630;
				ORGANIZATIONNAME = Globant;
				TargetAttributes = {
					417C53731B308988000E3195 = {
						CreatedOnToolsVersion = 6.3.2;
					};
					417C53881B308988000E3195 = {
						CreatedOnToolsVersion = 6.3.2;
						TestTargetID = 417C53731B308988000E3195;
					};
				};
			};
			buildConfigurationList = 417C536F1B308988000E3195 /* Build configuration list for PBXProject "AnimationTest" */;
			compatibilityVersion = "Xcode 3.2";
			developmentRegion = English;
			hasScannedForEncodings = 0;
			knownRegions = (
				en,
				Base,
			);
			mainGroup = 417C536B1B308988000E3195;
			productRefGroup = 417C53751B308988000E3195 /* Products */;
			projectDirPath = "";
			projectRoot = "";
			targets = (
				417C53731B308988000E3195 /* AnimationTest */,
				417C53881B308988000E3195 /* AnimationTestTests */,
			);
		};
/* End PBXProject section */

/* Begin PBXResourcesBuildPhase section */
		417C53721B308988000E3195 /* Resources */ = {
			isa = PBXResourcesBuildPhase;
			buildActionMask = 2147483647;
			files = (
				417C537F1B308988000E3195 /* Main.storyboard in Resources */,
				417C53841B308988000E3195 /* LaunchScreen.xib in Resources */,
				417C53811B308988000E3195 /* Images.xcassets in Resources */,
			);
			runOnlyForDeploymentPostprocessing = 0;
		};
		417C53871B308988000E3195 /* Resources */ = {
			isa = PBXResourcesBuildPhase;
			buildActionMask = 2147483647;
			files = (
			);
			runOnlyForDeploymentPostprocessing = 0;
		};
/* End PBXResourcesBuildPhase section */

/* Begin PBXSourcesBuildPhase section */
		417C53701B308988000E3195 /* Sources */ = {
			isa = PBXSourcesBuildPhase;
			buildActionMask = 2147483647;
			files = (
				417C537C1B308988000E3195 /* ViewController.swift in Sources */,
				417C537A1B308988000E3195 /* AppDelegate.swift in Sources */,
			);
			runOnlyForDeploymentPostprocessing = 0;
		};
		417C53851B308988000E3195 /* Sources */ = {
			isa = PBXSourcesBuildPhase;
			buildActionMask = 2147483647;
			files = (
				417C53901B308988000E3195 /* AnimationTestTests.swift in Sources */,
			);
			runOnlyForDeploymentPostprocessing = 0;
		};
/* End PBXSourcesBuildPhase section */

/* Begin PBXTargetDependency section */
		417C538B1B308988000E3195 /* PBXTargetDependency */ = {
			isa = PBXTargetDependency;
			target = 417C53731B308988000E3195 /* AnimationTest */;
			targetProxy = 417C538A1B308988000E3195 /* PBXContainerItemProxy */;
		};
/* End PBXTargetDependency section */

/* Begin PBXVariantGroup section */
		417C537D1B308988000E3195 /* Main.storyboard */ = {
			isa = PBXVariantGroup;
			children = (
				417C537E1B308988000E3195 /* Base */,
			);
			name = Main.storyboard;
			sourceTree = "<group>";
		};
		417C53821B308988000E3195 /* LaunchScreen.xib */ = {
			isa = PBXVariantGroup;
			children = (
				417C53831B308988000E3195 /* Base */,
			);
			name = LaunchScreen.xib;
			sourceTree = "<group>";
		};
/* End PBXVariantGroup section */

/* Begin XCBuildConfiguration section */
		417C53911B308988000E3195 /* Debug */ = {
			isa = XCBuildConfiguration;
			buildSettings = {
				ALWAYS_SEARCH_USER_PATHS = NO;
				CLANG_CXX_LANGUAGE_STANDARD = "gnu++0x";
				CLANG_CXX_LIBRARY = "libc++";
				CLANG_ENABLE_MODULES = YES;
				CLANG_ENABLE_OBJC_ARC = YES;
				CLANG_WARN_BOOL_CONVERSION = YES;
				CLANG_WARN_CONSTANT_CONVERSION = YES;
				CLANG_WARN_DIRECT_OBJC_ISA_USAGE = YES_ERROR;
				CLANG_WARN_EMPTY_BODY = YES;
				CLANG_WARN_ENUM_CONVERSION = YES;
				CLANG_WARN_INT_CONVERSION = YES;
				CLANG_WARN_OBJC_ROOT_CLASS = YES_ERROR;
				CLANG_WARN_UNREACHABLE_CODE = YES;
				CLANG_WARN__DUPLICATE_METHOD_MATCH = YES;
				"CODE_SIGN_IDENTITY[sdk=iphoneos*]" = "iPhone Developer";
				COPY_PHASE_STRIP = NO;
				DEBUG_INFORMATION_FORMAT = "dwarf-with-dsym";
				ENABLE_STRICT_OBJC_MSGSEND = YES;
				GCC_C_LANGUAGE_STANDARD = gnu99;
				GCC_DYNAMIC_NO_PIC = NO;
				GCC_NO_COMMON_BLOCKS = YES;
				GCC_OPTIMIZATION_LEVEL = 0;
				GCC_PREPROCESSOR_DEFINITIONS = (
					"DEBUG=1",
					"$(inherited)",
				);
				GCC_SYMBOLS_PRIVATE_EXTERN = NO;
				GCC_WARN_64_TO_32_BIT_CONVERSION = YES;
				GCC_WARN_ABOUT_RETURN_TYPE = YES_ERROR;
				GCC_WARN_UNDECLARED_SELECTOR = YES;
				GCC_WARN_UNINITIALIZED_AUTOS = YES_AGGRESSIVE;
				GCC_WARN_UNUSED_FUNCTION = YES;
				GCC_WARN_UNUSED_VARIABLE = YES;
				IPHONEOS_DEPLOYMENT_TARGET = 8.3;
				MTL_ENABLE_DEBUG_INFO = YES;
				ONLY_ACTIVE_ARCH = YES;
				SDKROOT = iphoneos;
				SWIFT_OPTIMIZATION_LEVEL = "-Onone";
			};
			name = Debug;
		};
		417C53921B308988000E3195 /* Release */ = {
			isa = XCBuildConfiguration;
			buildSettings = {
				ALWAYS_SEARCH_USER_PATHS = NO;
				CLANG_CXX_LANGUAGE_STANDARD = "gnu++0x";
				CLANG_CXX_LIBRARY = "libc++";
				CLANG_ENABLE_MODULES = YES;
				CLANG_ENABLE_OBJC_ARC = YES;
				CLANG_WARN_BOOL_CONVERSION = YES;
				CLANG_WARN_CONSTANT_CONVERSION = YES;
				CLANG_WARN_DIRECT_OBJC_ISA_USAGE = YES_ERROR;
				CLANG_WARN_EMPTY_BODY = YES;
				CLANG_WARN_ENUM_CONVERSION = YES;
				CLANG_WARN_INT_CONVERSION = YES;
				CLANG_WARN_OBJC_ROOT_CLASS = YES_ERROR;
				CLANG_WARN_UNREACHABLE_CODE = YES;
				CLANG_WARN__DUPLICATE_METHOD_MATCH = YES;
				"CODE_SIGN_IDENTITY[sdk=iphoneos*]" = "iPhone Developer";
				COPY_PHASE_STRIP = NO;
				DEBUG_INFORMATION_FORMAT = "dwarf-with-dsym";
				ENABLE_NS_ASSERTIONS = NO;
				ENABLE_STRICT_OBJC_MSGSEND = YES;
				GCC_C_LANGUAGE_STANDARD = gnu99;
				GCC_NO_COMMON_BLOCKS = YES;
				GCC_WARN_64_TO_32_BIT_CONVERSION = YES;
				GCC_WARN_ABOUT_RETURN_TYPE = YES_ERROR;
				GCC_WARN_UNDECLARED_SELECTOR = YES;
				GCC_WARN_UNINITIALIZED_AUTOS = YES_AGGRESSIVE;
				GCC_WARN_UNUSED_FUNCTION = YES;
				GCC_WARN_UNUSED_VARIABLE = YES;
				IPHONEOS_DEPLOYMENT_TARGET = 8.3;
				MTL_ENABLE_DEBUG_INFO = NO;
				SDKROOT = iphoneos;
				VALIDATE_PRODUCT = YES;
			};
			name = Release;
		};
		417C53941B308988000E3195 /* Debug */ = {
			isa = XCBuildConfiguration;
			buildSettings = {
				ASSETCATALOG_COMPILER_APPICON_NAME = AppIcon;
				INFOPLIST_FILE = AnimationTest/Info.plist;
				LD_RUNPATH_SEARCH_PATHS = "$(inherited) @executable_path/Frameworks";
				PRODUCT_NAME = "$(TARGET_NAME)";
			};
			name = Debug;
		};
		417C53951B308988000E3195 /* Release */ = {
			isa = XCBuildConfiguration;
			buildSettings = {
				ASSETCATALOG_COMPILER_APPICON_NAME = AppIcon;
				INFOPLIST_FILE = AnimationTest/Info.plist;
				LD_RUNPATH_SEARCH_PATHS = "$(inherited) @executable_path/Frameworks";
				PRODUCT_NAME = "$(TARGET_NAME)";
			};
			name = Release;
		};
		417C53971B308988000E3195 /* Debug */ = {
			isa = XCBuildConfiguration;
			buildSettings = {
				BUNDLE_LOADER = "$(TEST_HOST)";
				FRAMEWORK_SEARCH_PATHS = (
					"$(SDKROOT)/Developer/Library/Frameworks",
					"$(inherited)",
				);
				GCC_PREPROCESSOR_DEFINITIONS = (
					"DEBUG=1",
					"$(inherited)",
				);
				INFOPLIST_FILE = AnimationTestTests/Info.plist;
				LD_RUNPATH_SEARCH_PATHS = "$(inherited) @executable_path/Frameworks @loader_path/Frameworks";
				PRODUCT_NAME = "$(TARGET_NAME)";
				TEST_HOST = "$(BUILT_PRODUCTS_DIR)/AnimationTest.app/AnimationTest";
			};
			name = Debug;
		};
		417C53981B308988000E3195 /* Release */ = {
			isa = XCBuildConfiguration;
			buildSettings = {
				BUNDLE_LOADER = "$(TEST_HOST)";
				FRAMEWORK_SEARCH_PATHS = (
					"$(SDKROOT)/Developer/Library/Frameworks",
					"$(inherited)",
				);
				INFOPLIST_FILE = AnimationTestTests/Info.plist;
				LD_RUNPATH_SEARCH_PATHS = "$(inherited) @executable_path/Frameworks @loader_path/Frameworks";
				PRODUCT_NAME = "$(TARGET_NAME)";
				TEST_HOST = "$(BUILT_PRODUCTS_DIR)/AnimationTest.app/AnimationTest";
			};
			name = Release;
		};
/* End XCBuildConfiguration section */

/* Begin XCConfigurationList section */
		417C536F1B308988000E3195 /* Build configuration list for PBXProject "AnimationTest" */ = {
			isa = XCConfigurationList;
			buildConfigurations = (
				417C53911B308988000E3195 /* Debug */,
				417C53921B308988000E3195 /* Release */,
			);
			defaultConfigurationIsVisible = 0;
			defaultConfigurationName = Release;
		};
		417C53931B308988000E3195 /* Build configuration list for PBXNativeTarget "AnimationTest" */ = {
			isa = XCConfigurationList;
			buildConfigurations = (
				417C53941B308988000E3195 /* Debug */,
				417C53951B308988000E3195 /* Release */,
			);
			defaultConfigurationIsVisible = 0;
		};
		417C53961B308988000E3195 /* Build configuration list for PBXNativeTarget "AnimationTestTests" */ = {
			isa = XCConfigurationList;
			buildConfigurations = (
				417C53971B308988000E3195 /* Debug */,
				417C53981B308988000E3195 /* Release */,
			);
			defaultConfigurationIsVisible = 0;
		};
/* End XCConfigurationList section */
	};
	rootObject = 417C536C1B308988000E3195 /* Project object */;
}
